
Microsoft Visual Studio Solution File, Format Version 12.00
# Visual Studio Version 17
VisualStudioVersion = 17.11.35303.130
MinimumVisualStudioVersion = 10.0.40219.1
Project("{FAE04EC0-301F-11D3-BF4B-00C04F79EFBC}") = "DBfileConnect", "WindowsFormsApp1\DBfileConnect.csproj", "{CC204EDF-AA12-408D-BA46-4C0D37FE6432}"
EndProject
Global
	GlobalSection(SolutionConfigurationPlatforms) = preSolution
		Debug|Any CPU = Debug|Any CPU
		Release|Any CPU = Release|Any CPU
	EndGlobalSection
	GlobalSection(ProjectConfigurationPlatforms) = postSolution
		{CC204EDF-AA12-408D-BA46-4C0D37FE6432}.Debug|Any CPU.ActiveCfg = Debug|Any CPU
		{CC204EDF-AA12-408D-BA46-4C0D37FE6432}.Debug|Any CPU.Build.0 = Debug|Any CPU
		{CC204EDF-AA12-408D-BA46-4C0D37FE6432}.Release|Any CPU.ActiveCfg = Release|Any CPU
		{CC204EDF-AA12-408D-BA46-4C0D37FE6432}.Release|Any CPU.Build.0 = Release|Any CPU
	EndGlobalSection
	GlobalSection(SolutionProperties) = preSolution
		HideSolutionNode = FALSE
	EndGlobalSection
	GlobalSection(ExtensibilityGlobals) = postSolution
		SolutionGuid = {00A5A27F-42EA-4E05-875A-78178E7D1C06}
	EndGlobalSection
EndGlobal
